# THIS IS AN AUTOGENERATED FILE. DO NOT EDIT THIS FILE DIRECTLY.
# yarn lockfile v1


"@babel/runtime@^7.19.4", "@babel/runtime@^7.20.6", "@babel/runtime@^7.5.5":
  version "7.21.0"
  resolved "https://registry.yarnpkg.com/@babel/runtime/-/runtime-7.21.0.tgz#5b55c9d394e5fcf304909a8b00c07dc217b56673"
  integrity sha512-xwII0//EObnq89Ji5AKYQaRYiW/nZ3llSv29d49IuxPhKbtJoLP+9QUUZ4nVragQVtaVGeZrpB+ZtG/Pdy/POw==
  dependencies:
    regenerator-runtime "^0.13.11"

html-parse-stringify@^3.0.1:
  version "3.0.1"
  resolved "https://registry.yarnpkg.com/html-parse-stringify/-/html-parse-stringify-3.0.1.tgz#dfc1017347ce9f77c8141a507f233040c59c55d2"
  integrity sha512-KknJ50kTInJ7qIScF3jeaFRpMpE8/lfiTdzf/twXyPBLAGrLRTmkz3AdTnKeh40X8k9L2fdYwEp/42WGXIRGcg==
  dependencies:
    void-elements "3.1.0"

i18next-browser-languagedetector@^7.0.1:
  version "7.0.1"
  resolved "https://registry.yarnpkg.com/i18next-browser-languagedetector/-/i18next-browser-languagedetector-7.0.1.tgz#ead34592edc96c6c3a618a51cb57ad027c5b5d87"
  integrity sha512-Pa5kFwaczXJAeHE56CHG2aWzFBMJNUNghf0Pm4SwSrEMps/PTKqW90EYWlIvhuYStf3Sn1K0vw+gH3+TLdkH1g==
  dependencies:
    "@babel/runtime" "^7.19.4"

i18next-xhr-backend@^3.2.2:
  version "3.2.2"
  resolved "https://registry.yarnpkg.com/i18next-xhr-backend/-/i18next-xhr-backend-3.2.2.tgz#769124441461b085291f539d91864e3691199178"
  integrity sha512-OtRf2Vo3IqAxsttQbpjYnmMML12IMB5e0fc5B7qKJFLScitYaXa1OhMX0n0X/3vrfFlpHL9Ro/H+ps4Ej2j7QQ==
  dependencies:
    "@babel/runtime" "^7.5.5"

i18next@^22.4.12:
  version "22.4.12"
  resolved "https://registry.yarnpkg.com/i18next/-/i18next-22.4.12.tgz#fde322c186501ea1adcdfac41b2d2552b26eab42"
  integrity sha512-2lE+vRXxQ3lGLub1CVbwgO0IfkLHmUSDVOAVdPh22CsxttMXi+35n2qgxh2wZIkKl6t/NMzPfgFPRDiFQOmiCg==
  dependencies:
    "@babel/runtime" "^7.20.6"

react-i18next@^12.2.0:
  version "12.2.0"
  resolved "https://registry.yarnpkg.com/react-i18next/-/react-i18next-12.2.0.tgz#010e3f6070b8d700442947233352ebe4b252d7a1"
  integrity sha512-5XeVgSygaGfyFmDd2WcXvINRw2WEC1XviW1LXY/xLOEMzsCFRwKqfnHN+hUjla8ZipbVJR27GCMSuTr0BhBBBQ==
  dependencies:
    "@babel/runtime" "^7.20.6"
    html-parse-stringify "^3.0.1"

regenerator-runtime@^0.13.11:
  version "0.13.11"
  resolved "https://registry.yarnpkg.com/regenerator-runtime/-/regenerator-runtime-0.13.11.tgz#f6dca3e7ceec20590d07ada785636a90cdca17f9"
  integrity sha512-kY1AZVr2Ra+t+piVaJ4gxaFaReZVH40AKNo7UCX6W+dEwBo/2oZJzqfuN1qLq1oL45o56cPaTXELwrTh8Fpggg==

void-elements@3.1.0:
  version "3.1.0"
  resolved "https://registry.yarnpkg.com/void-elements/-/void-elements-3.1.0.tgz#614f7fbf8d801f0bb5f0661f5b2f5785750e4f09"
  integrity sha512-Dhxzh5HZuiHQhbvTW9AMetFfBHDMYpo23Uo9btPXgdYP+3T5S+p+jgNy7spra+veYhBP2dCSgxR/i2Y02h5/6w==
